
Microsoft Visual Studio Solution File, Format Version 12.00
# Visual Studio Version 16
VisualStudioVersion = 16.0.31911.196
MinimumVisualStudioVersion = 10.0.40219.1
Project("{FAE04EC0-301F-11D3-BF4B-00C04F79EFBC}") = "HttpInterceptor", "HttpInterceptor\HttpInterceptor.csproj", "{D8280BA1-A907-49F0-AB6F-170E33825DCC}"
EndProject
Global
	GlobalSection(SolutionConfigurationPlatforms) = preSolution
		Debug|Any CPU = Debug|Any CPU
		Release|Any CPU = Release|Any CPU
	EndGlobalSection
	GlobalSection(ProjectConfigurationPlatforms) = postSolution
		{D8280BA1-A907-49F0-AB6F-170E33825DCC}.Debug|Any CPU.ActiveCfg = Debug|Any CPU
		{D8280BA1-A907-49F0-AB6F-170E33825DCC}.Debug|Any CPU.Build.0 = Debug|Any CPU
		{D8280BA1-A907-49F0-AB6F-170E33825DCC}.Release|Any CPU.ActiveCfg = Release|Any CPU
		{D8280BA1-A907-49F0-AB6F-170E33825DCC}.Release|Any CPU.Build.0 = Release|Any CPU
	EndGlobalSection
	GlobalSection(SolutionProperties) = preSolution
		HideSolutionNode = FALSE
	EndGlobalSection
	GlobalSection(ExtensibilityGlobals) = postSolution
		SolutionGuid = {076667DE-827F-44EE-921C-2050D6152528}
	EndGlobalSection
EndGlobal
